
Microsoft Visual Studio Solution File, Format Version 12.00
# Visual Studio Version 16
VisualStudioVersion = 16.0.30114.105
MinimumVisualStudioVersion = 10.0.40219.1
Project("{FAE04EC0-301F-11D3-BF4B-00C04F79EFBC}") = "Console", "Console\Console.csproj", "{16E3474B-6837-4EA6-9E8E-CECA955EC17C}"
EndProject
Project("{FAE04EC0-301F-11D3-BF4B-00C04F79EFBC}") = "FizzBuzz", "FizzBuzz\FizzBuzz.csproj", "{FE5902BD-B1EE-497B-9CF1-89A18462DAD5}"
EndProject
Project("{FAE04EC0-301F-11D3-BF4B-00C04F79EFBC}") = "FizzBuzzTests", "FizzBuzzTests\FizzBuzzTests.csproj", "{0028E1BA-3EE8-48BA-A2FA-D82679CF3453}"
EndProject
Global
	GlobalSection(SolutionConfigurationPlatforms) = preSolution
		Debug|Any CPU = Debug|Any CPU
		Release|Any CPU = Release|Any CPU
	EndGlobalSection
	GlobalSection(SolutionProperties) = preSolution
		HideSolutionNode = FALSE
	EndGlobalSection
	GlobalSection(ProjectConfigurationPlatforms) = postSolution
		{16E3474B-6837-4EA6-9E8E-CECA955EC17C}.Debug|Any CPU.ActiveCfg = Debug|Any CPU
		{16E3474B-6837-4EA6-9E8E-CECA955EC17C}.Debug|Any CPU.Build.0 = Debug|Any CPU
		{16E3474B-6837-4EA6-9E8E-CECA955EC17C}.Release|Any CPU.ActiveCfg = Release|Any CPU
		{16E3474B-6837-4EA6-9E8E-CECA955EC17C}.Release|Any CPU.Build.0 = Release|Any CPU
		{FE5902BD-B1EE-497B-9CF1-89A18462DAD5}.Debug|Any CPU.ActiveCfg = Debug|Any CPU
		{FE5902BD-B1EE-497B-9CF1-89A18462DAD5}.Debug|Any CPU.Build.0 = Debug|Any CPU
		{FE5902BD-B1EE-497B-9CF1-89A18462DAD5}.Release|Any CPU.ActiveCfg = Release|Any CPU
		{FE5902BD-B1EE-497B-9CF1-89A18462DAD5}.Release|Any CPU.Build.0 = Release|Any CPU
		{0028E1BA-3EE8-48BA-A2FA-D82679CF3453}.Debug|Any CPU.ActiveCfg = Debug|Any CPU
		{0028E1BA-3EE8-48BA-A2FA-D82679CF3453}.Debug|Any CPU.Build.0 = Debug|Any CPU
		{0028E1BA-3EE8-48BA-A2FA-D82679CF3453}.Release|Any CPU.ActiveCfg = Release|Any CPU
		{0028E1BA-3EE8-48BA-A2FA-D82679CF3453}.Release|Any CPU.Build.0 = Release|Any CPU
	EndGlobalSection
EndGlobal
